
Microsoft Visual Studio Solution File, Format Version 12.00
# Visual Studio 15
VisualStudioVersion = 15.0.27130.2027
MinimumVisualStudioVersion = 10.0.40219.1
Project("{FAE04EC0-301F-11D3-BF4B-00C04F79EFBC}") = "Lab02", "Lab02\Lab02.csproj", "{E54A5D60-7F42-470A-93BB-360159D59A2F}"
EndProject
Project("{FAE04EC0-301F-11D3-BF4B-00C04F79EFBC}") = "DiamondShapeEx001", "DiamondShape\DiamondShapeEx001.csproj", "{63E6F503-7A24-4B0B-9B75-B4482418F826}"
EndProject
Project("{FAE04EC0-301F-11D3-BF4B-00C04F79EFBC}") = "DiamondShapeEx002", "DiamondShapeEx002\DiamondShapeEx002.csproj", "{CA4738E6-3BFB-40F8-81EE-60B824951FE2}"
EndProject
Project("{FAE04EC0-301F-11D3-BF4B-00C04F79EFBC}") = "WorldPopulationEx003", "WorldPopulationEx003\WorldPopulationEx003.csproj", "{035E6418-6B4A-45D8-8187-6F9D03EB932B}"
EndProject
Project("{FAE04EC0-301F-11D3-BF4B-00C04F79EFBC}") = "HotelEx004", "HotalEx004\HotelEx004.csproj", "{AC323D02-34D7-42F6-9A82-FE6C44EAEDB4}"
EndProject
Project("{FAE04EC0-301F-11D3-BF4B-00C04F79EFBC}") = "RealEstateCompanyEx005", "RealEstateCompanyEx005\RealEstateCompanyEx005.csproj", "{4D78699F-8A3F-4D0C-997A-2C30DD5FFF17}"
EndProject
Global
	GlobalSection(SolutionConfigurationPlatforms) = preSolution
		Debug|Any CPU = Debug|Any CPU
		Release|Any CPU = Release|Any CPU
	EndGlobalSection
	GlobalSection(ProjectConfigurationPlatforms) = postSolution
		{E54A5D60-7F42-470A-93BB-360159D59A2F}.Debug|Any CPU.ActiveCfg = Debug|Any CPU
		{E54A5D60-7F42-470A-93BB-360159D59A2F}.Debug|Any CPU.Build.0 = Debug|Any CPU
		{E54A5D60-7F42-470A-93BB-360159D59A2F}.Release|Any CPU.ActiveCfg = Release|Any CPU
		{E54A5D60-7F42-470A-93BB-360159D59A2F}.Release|Any CPU.Build.0 = Release|Any CPU
		{63E6F503-7A24-4B0B-9B75-B4482418F826}.Debug|Any CPU.ActiveCfg = Debug|Any CPU
		{63E6F503-7A24-4B0B-9B75-B4482418F826}.Debug|Any CPU.Build.0 = Debug|Any CPU
		{63E6F503-7A24-4B0B-9B75-B4482418F826}.Release|Any CPU.ActiveCfg = Release|Any CPU
		{63E6F503-7A24-4B0B-9B75-B4482418F826}.Release|Any CPU.Build.0 = Release|Any CPU
		{CA4738E6-3BFB-40F8-81EE-60B824951FE2}.Debug|Any CPU.ActiveCfg = Debug|Any CPU
		{CA4738E6-3BFB-40F8-81EE-60B824951FE2}.Debug|Any CPU.Build.0 = Debug|Any CPU
		{CA4738E6-3BFB-40F8-81EE-60B824951FE2}.Release|Any CPU.ActiveCfg = Release|Any CPU
		{CA4738E6-3BFB-40F8-81EE-60B824951FE2}.Release|Any CPU.Build.0 = Release|Any CPU
		{035E6418-6B4A-45D8-8187-6F9D03EB932B}.Debug|Any CPU.ActiveCfg = Debug|Any CPU
		{035E6418-6B4A-45D8-8187-6F9D03EB932B}.Debug|Any CPU.Build.0 = Debug|Any CPU
		{035E6418-6B4A-45D8-8187-6F9D03EB932B}.Release|Any CPU.ActiveCfg = Release|Any CPU
		{035E6418-6B4A-45D8-8187-6F9D03EB932B}.Release|Any CPU.Build.0 = Release|Any CPU
		{AC323D02-34D7-42F6-9A82-FE6C44EAEDB4}.Debug|Any CPU.ActiveCfg = Debug|Any CPU
		{AC323D02-34D7-42F6-9A82-FE6C44EAEDB4}.Debug|Any CPU.Build.0 = Debug|Any CPU
		{AC323D02-34D7-42F6-9A82-FE6C44EAEDB4}.Release|Any CPU.ActiveCfg = Release|Any CPU
		{AC323D02-34D7-42F6-9A82-FE6C44EAEDB4}.Release|Any CPU.Build.0 = Release|Any CPU
		{4D78699F-8A3F-4D0C-997A-2C30DD5FFF17}.Debug|Any CPU.ActiveCfg = Debug|Any CPU
		{4D78699F-8A3F-4D0C-997A-2C30DD5FFF17}.Debug|Any CPU.Build.0 = Debug|Any CPU
		{4D78699F-8A3F-4D0C-997A-2C30DD5FFF17}.Release|Any CPU.ActiveCfg = Release|Any CPU
		{4D78699F-8A3F-4D0C-997A-2C30DD5FFF17}.Release|Any CPU.Build.0 = Release|Any CPU
	EndGlobalSection
	GlobalSection(SolutionProperties) = preSolution
		HideSolutionNode = FALSE
	EndGlobalSection
	GlobalSection(ExtensibilityGlobals) = postSolution
		SolutionGuid = {04AA3886-8B65-4832-965A-454938477749}
	EndGlobalSection
EndGlobal
